
Microsoft Visual Studio Solution File, Format Version 12.00
# Visual Studio Version 17
VisualStudioVersion = 17.0.32112.339
MinimumVisualStudioVersion = 10.0.40219.1
Project("{2150E333-8FDC-42A3-9474-1A3956D46DE8}") = "src", "src", "{7F3BC0DA-4DF3-45CF-9AFC-0995BC3207C0}"
EndProject
Project("{2150E333-8FDC-42A3-9474-1A3956D46DE8}") = "Building Block", "Building Block", "{38B647C5-07D2-4261-A49B-DD74D61C0956}"
EndProject
Project("{2150E333-8FDC-42A3-9474-1A3956D46DE8}") = "Services", "Services", "{C3152906-BC85-42A0-86CC-8EBF6DA6DCFD}"
EndProject
Project("{2150E333-8FDC-42A3-9474-1A3956D46DE8}") = "Web", "Web", "{7A5F0427-508E-4D34-B7A3-11AA83ABD783}"
EndProject
Project("{2150E333-8FDC-42A3-9474-1A3956D46DE8}") = "Identidade", "Identidade", "{684E812A-6705-460D-9CCE-9889C776086C}"
EndProject
Project("{9A19103F-16F7-4668-BE54-9A1E7A4F7556}") = "DE.Identidade.API", "src\services\DE.Identidade.API\DE.Identidade.API.csproj", "{BE7A173E-7F3C-454F-8B61-7D1CEB271FD0}"
EndProject
Project("{2150E333-8FDC-42A3-9474-1A3956D46DE8}") = "MVC", "MVC", "{92106D9C-3C45-4422-AA9F-64B236C40917}"
EndProject
Project("{FAE04EC0-301F-11D3-BF4B-00C04F79EFBC}") = "DE.WebApp.MVC", "src\web\DE.WebApp.MVC\DE.WebApp.MVC.csproj", "{E69386BB-8536-4B8D-9E85-EFE68E670333}"
EndProject
Project("{2150E333-8FDC-42A3-9474-1A3956D46DE8}") = "Core", "Core", "{390F0D9E-BCE3-4706-8745-ADC4AF1D352D}"
EndProject
Project("{FAE04EC0-301F-11D3-BF4B-00C04F79EFBC}") = "DE.Core", "src\building blocks\DE.Core\DE.Core.csproj", "{A10AB639-0026-4E35-8467-7A3ED507BB81}"
EndProject
Project("{2150E333-8FDC-42A3-9474-1A3956D46DE8}") = "Carrinho", "Carrinho", "{C010761C-2F4F-4C25-AFC9-BA479FEB33BC}"
EndProject
Project("{FAE04EC0-301F-11D3-BF4B-00C04F79EFBC}") = "DE.Carrinho.API", "src\services\DE.Carrinho.API\DE.Carrinho.API.csproj", "{DF3344CF-007E-4A4C-9BBA-BA627AEAA7AC}"
EndProject
Project("{2150E333-8FDC-42A3-9474-1A3956D46DE8}") = "Catalogo", "Catalogo", "{75AF443F-957B-432A-BA01-DF1CE6ACB8D4}"
EndProject
Project("{2150E333-8FDC-42A3-9474-1A3956D46DE8}") = "Cliente", "Cliente", "{F2640A35-3E7D-4707-9A18-73D21E6AA637}"
EndProject
Project("{2150E333-8FDC-42A3-9474-1A3956D46DE8}") = "Pagamento", "Pagamento", "{72B13950-7FCA-427D-B4A2-330F6DF421C3}"
EndProject
Project("{2150E333-8FDC-42A3-9474-1A3956D46DE8}") = "Pedido", "Pedido", "{46A07777-80D4-47FA-9895-8EE429159CCC}"
EndProject
Project("{FAE04EC0-301F-11D3-BF4B-00C04F79EFBC}") = "DE.Catalogo.API", "src\services\DE.Catalogo.API\DE.Catalogo.API.csproj", "{3956231B-F379-473E-9305-74E66DB01ED4}"
EndProject
Project("{FAE04EC0-301F-11D3-BF4B-00C04F79EFBC}") = "DE.Cliente.API", "src\services\DE.Cliente.API\DE.Cliente.API.csproj", "{1079A6AE-28A4-46BD-8618-77F9E1661DBF}"
EndProject
Project("{FAE04EC0-301F-11D3-BF4B-00C04F79EFBC}") = "DE.Pagamento.API", "src\services\DE.Pagamento.API\DE.Pagamento.API.csproj", "{1B77166E-B669-44BB-835E-EBD3A7008622}"
EndProject
Project("{FAE04EC0-301F-11D3-BF4B-00C04F79EFBC}") = "DE.Pedido.API", "src\services\DE.Pedido.API\DE.Pedido.API.csproj", "{25A93A14-16CD-49A2-B727-0406E7291262}"
EndProject
Global
	GlobalSection(SolutionConfigurationPlatforms) = preSolution
		Debug|Any CPU = Debug|Any CPU
		Release|Any CPU = Release|Any CPU
	EndGlobalSection
	GlobalSection(ProjectConfigurationPlatforms) = postSolution
		{BE7A173E-7F3C-454F-8B61-7D1CEB271FD0}.Debug|Any CPU.ActiveCfg = Debug|Any CPU
		{BE7A173E-7F3C-454F-8B61-7D1CEB271FD0}.Debug|Any CPU.Build.0 = Debug|Any CPU
		{BE7A173E-7F3C-454F-8B61-7D1CEB271FD0}.Release|Any CPU.ActiveCfg = Release|Any CPU
		{BE7A173E-7F3C-454F-8B61-7D1CEB271FD0}.Release|Any CPU.Build.0 = Release|Any CPU
		{E69386BB-8536-4B8D-9E85-EFE68E670333}.Debug|Any CPU.ActiveCfg = Debug|Any CPU
		{E69386BB-8536-4B8D-9E85-EFE68E670333}.Debug|Any CPU.Build.0 = Debug|Any CPU
		{E69386BB-8536-4B8D-9E85-EFE68E670333}.Release|Any CPU.ActiveCfg = Release|Any CPU
		{E69386BB-8536-4B8D-9E85-EFE68E670333}.Release|Any CPU.Build.0 = Release|Any CPU
		{A10AB639-0026-4E35-8467-7A3ED507BB81}.Debug|Any CPU.ActiveCfg = Debug|Any CPU
		{A10AB639-0026-4E35-8467-7A3ED507BB81}.Debug|Any CPU.Build.0 = Debug|Any CPU
		{A10AB639-0026-4E35-8467-7A3ED507BB81}.Release|Any CPU.ActiveCfg = Release|Any CPU
		{A10AB639-0026-4E35-8467-7A3ED507BB81}.Release|Any CPU.Build.0 = Release|Any CPU
		{DF3344CF-007E-4A4C-9BBA-BA627AEAA7AC}.Debug|Any CPU.ActiveCfg = Debug|Any CPU
		{DF3344CF-007E-4A4C-9BBA-BA627AEAA7AC}.Debug|Any CPU.Build.0 = Debug|Any CPU
		{DF3344CF-007E-4A4C-9BBA-BA627AEAA7AC}.Release|Any CPU.ActiveCfg = Release|Any CPU
		{DF3344CF-007E-4A4C-9BBA-BA627AEAA7AC}.Release|Any CPU.Build.0 = Release|Any CPU
		{3956231B-F379-473E-9305-74E66DB01ED4}.Debug|Any CPU.ActiveCfg = Debug|Any CPU
		{3956231B-F379-473E-9305-74E66DB01ED4}.Debug|Any CPU.Build.0 = Debug|Any CPU
		{3956231B-F379-473E-9305-74E66DB01ED4}.Release|Any CPU.ActiveCfg = Release|Any CPU
		{3956231B-F379-473E-9305-74E66DB01ED4}.Release|Any CPU.Build.0 = Release|Any CPU
		{1079A6AE-28A4-46BD-8618-77F9E1661DBF}.Debug|Any CPU.ActiveCfg = Debug|Any CPU
		{1079A6AE-28A4-46BD-8618-77F9E1661DBF}.Debug|Any CPU.Build.0 = Debug|Any CPU
		{1079A6AE-28A4-46BD-8618-77F9E1661DBF}.Release|Any CPU.ActiveCfg = Release|Any CPU
		{1079A6AE-28A4-46BD-8618-77F9E1661DBF}.Release|Any CPU.Build.0 = Release|Any CPU
		{1B77166E-B669-44BB-835E-EBD3A7008622}.Debug|Any CPU.ActiveCfg = Debug|Any CPU
		{1B77166E-B669-44BB-835E-EBD3A7008622}.Debug|Any CPU.Build.0 = Debug|Any CPU
		{1B77166E-B669-44BB-835E-EBD3A7008622}.Release|Any CPU.ActiveCfg = Release|Any CPU
		{1B77166E-B669-44BB-835E-EBD3A7008622}.Release|Any CPU.Build.0 = Release|Any CPU
		{25A93A14-16CD-49A2-B727-0406E7291262}.Debug|Any CPU.ActiveCfg = Debug|Any CPU
		{25A93A14-16CD-49A2-B727-0406E7291262}.Debug|Any CPU.Build.0 = Debug|Any CPU
		{25A93A14-16CD-49A2-B727-0406E7291262}.Release|Any CPU.ActiveCfg = Release|Any CPU
		{25A93A14-16CD-49A2-B727-0406E7291262}.Release|Any CPU.Build.0 = Release|Any CPU
	EndGlobalSection
	GlobalSection(SolutionProperties) = preSolution
		HideSolutionNode = FALSE
	EndGlobalSection
	GlobalSection(NestedProjects) = preSolution
		{38B647C5-07D2-4261-A49B-DD74D61C0956} = {7F3BC0DA-4DF3-45CF-9AFC-0995BC3207C0}
		{C3152906-BC85-42A0-86CC-8EBF6DA6DCFD} = {7F3BC0DA-4DF3-45CF-9AFC-0995BC3207C0}
		{7A5F0427-508E-4D34-B7A3-11AA83ABD783} = {7F3BC0DA-4DF3-45CF-9AFC-0995BC3207C0}
		{684E812A-6705-460D-9CCE-9889C776086C} = {C3152906-BC85-42A0-86CC-8EBF6DA6DCFD}
		{BE7A173E-7F3C-454F-8B61-7D1CEB271FD0} = {684E812A-6705-460D-9CCE-9889C776086C}
		{92106D9C-3C45-4422-AA9F-64B236C40917} = {7A5F0427-508E-4D34-B7A3-11AA83ABD783}
		{E69386BB-8536-4B8D-9E85-EFE68E670333} = {92106D9C-3C45-4422-AA9F-64B236C40917}
		{390F0D9E-BCE3-4706-8745-ADC4AF1D352D} = {38B647C5-07D2-4261-A49B-DD74D61C0956}
		{A10AB639-0026-4E35-8467-7A3ED507BB81} = {390F0D9E-BCE3-4706-8745-ADC4AF1D352D}
		{C010761C-2F4F-4C25-AFC9-BA479FEB33BC} = {C3152906-BC85-42A0-86CC-8EBF6DA6DCFD}
		{DF3344CF-007E-4A4C-9BBA-BA627AEAA7AC} = {C010761C-2F4F-4C25-AFC9-BA479FEB33BC}
		{75AF443F-957B-432A-BA01-DF1CE6ACB8D4} = {C3152906-BC85-42A0-86CC-8EBF6DA6DCFD}
		{F2640A35-3E7D-4707-9A18-73D21E6AA637} = {C3152906-BC85-42A0-86CC-8EBF6DA6DCFD}
		{72B13950-7FCA-427D-B4A2-330F6DF421C3} = {C3152906-BC85-42A0-86CC-8EBF6DA6DCFD}
		{46A07777-80D4-47FA-9895-8EE429159CCC} = {C3152906-BC85-42A0-86CC-8EBF6DA6DCFD}
		{3956231B-F379-473E-9305-74E66DB01ED4} = {75AF443F-957B-432A-BA01-DF1CE6ACB8D4}
		{1079A6AE-28A4-46BD-8618-77F9E1661DBF} = {F2640A35-3E7D-4707-9A18-73D21E6AA637}
		{1B77166E-B669-44BB-835E-EBD3A7008622} = {72B13950-7FCA-427D-B4A2-330F6DF421C3}
		{25A93A14-16CD-49A2-B727-0406E7291262} = {46A07777-80D4-47FA-9895-8EE429159CCC}
	EndGlobalSection
	GlobalSection(ExtensibilityGlobals) = postSolution
		SolutionGuid = {459C11AF-4658-4D28-8F3A-B35704FE92D1}
	EndGlobalSection
EndGlobal
